name: Regenerate pnpm lockfile

permissions:
  contents: write

on:
  workflow_dispatch:

jobs:
  regen-lockfile:
    runs-on: ubuntu-latest

    steps:
      - name: Checkout repo
        uses: actions/checkout@v4
        with:
          token: ${{ secrets.GITHUB_TOKEN }}

      - name: Setup Node
        uses: actions/setup-node@v4
        with:
          node-version: 18

      - name: Setup pnpm
        uses: pnpm/action-setup@v4
        with:
          version: 10.2.1

      - name: Install dependencies (no frozen lockfile)
        run: pnpm install --no-frozen-lockfile

      - name: Commit pnpm-lock.yaml
        run: |
          git config user.name "github-actions"
          git config user.email "github-actions@github.com"
          git add pnpm-lock.yaml
          git commit -m "chore: regenerate pnpm-lock.yaml" || echo "No changes to commit"
          git push
